
Microsoft Visual Studio Solution File, Format Version 12.00
# Visual Studio 14
VisualStudioVersion = 14.0.25420.1
MinimumVisualStudioVersion = 10.0.40219.1
Project("{2150E333-8FDC-42A3-9474-1A3956D46DE8}") = "src", "src", "{8E5EFDB8-6474-42F0-BB64-5461ED4EC782}"
EndProject
Project("{2150E333-8FDC-42A3-9474-1A3956D46DE8}") = "Solution Items", "Solution Items", "{5049E232-F97E-4FB2-BF54-DE9EC1EEE788}"
	ProjectSection(SolutionItems) = preProject
		global.json = global.json
	EndProjectSection
EndProject
Project("{8BB2217D-0F2D-49D1-97BC-3654ED321F3B}") = "WelcomeDotNetCore", "src\WelcomeDotNetCore\WelcomeDotNetCore.xproj", "{C3301B53-8706-437B-A99F-60E38163D75E}"
EndProject
Project("{FAE04EC0-301F-11D3-BF4B-00C04F79EFBC}") = "HelloCS", "..\HelloCS\HelloCS\HelloCS.csproj", "{91B346E7-20B7-4138-A329-7A549F45C33F}"
EndProject
Global
	GlobalSection(SolutionConfigurationPlatforms) = preSolution
		Debug|Any CPU = Debug|Any CPU
		Release|Any CPU = Release|Any CPU
	EndGlobalSection
	GlobalSection(ProjectConfigurationPlatforms) = postSolution
		{C3301B53-8706-437B-A99F-60E38163D75E}.Debug|Any CPU.ActiveCfg = Debug|Any CPU
		{C3301B53-8706-437B-A99F-60E38163D75E}.Debug|Any CPU.Build.0 = Debug|Any CPU
		{C3301B53-8706-437B-A99F-60E38163D75E}.Release|Any CPU.ActiveCfg = Release|Any CPU
		{C3301B53-8706-437B-A99F-60E38163D75E}.Release|Any CPU.Build.0 = Release|Any CPU
		{91B346E7-20B7-4138-A329-7A549F45C33F}.Debug|Any CPU.ActiveCfg = Debug|Any CPU
		{91B346E7-20B7-4138-A329-7A549F45C33F}.Debug|Any CPU.Build.0 = Debug|Any CPU
		{91B346E7-20B7-4138-A329-7A549F45C33F}.Release|Any CPU.ActiveCfg = Release|Any CPU
		{91B346E7-20B7-4138-A329-7A549F45C33F}.Release|Any CPU.Build.0 = Release|Any CPU
	EndGlobalSection
	GlobalSection(SolutionProperties) = preSolution
		HideSolutionNode = FALSE
	EndGlobalSection
	GlobalSection(NestedProjects) = preSolution
		{C3301B53-8706-437B-A99F-60E38163D75E} = {8E5EFDB8-6474-42F0-BB64-5461ED4EC782}
	EndGlobalSection
EndGlobal
