
Microsoft Visual Studio Solution File, Format Version 12.00
# Visual Studio 2012
Project("{FAE04EC0-301F-11D3-BF4B-00C04F79EFBC}") = "PacktLibrary", "PacktLibrary\PacktLibrary.csproj", "{028DCFE2-0039-4C2D-8B84-639CCBCC2FA4}"
EndProject
Project("{FAE04EC0-301F-11D3-BF4B-00C04F79EFBC}") = "PeopleApp", "PeopleApp\PeopleApp.csproj", "{741211FB-F77D-479C-8035-9408558D6DDF}"
EndProject
Global
	GlobalSection(SolutionConfigurationPlatforms) = preSolution
		Debug|Any CPU = Debug|Any CPU
		Release|Any CPU = Release|Any CPU
	EndGlobalSection
	GlobalSection(ProjectConfigurationPlatforms) = postSolution
		{028DCFE2-0039-4C2D-8B84-639CCBCC2FA4}.Debug|Any CPU.ActiveCfg = Debug|Any CPU
		{028DCFE2-0039-4C2D-8B84-639CCBCC2FA4}.Debug|Any CPU.Build.0 = Debug|Any CPU
		{028DCFE2-0039-4C2D-8B84-639CCBCC2FA4}.Release|Any CPU.ActiveCfg = Release|Any CPU
		{028DCFE2-0039-4C2D-8B84-639CCBCC2FA4}.Release|Any CPU.Build.0 = Release|Any CPU
		{741211FB-F77D-479C-8035-9408558D6DDF}.Debug|Any CPU.ActiveCfg = Debug|Any CPU
		{741211FB-F77D-479C-8035-9408558D6DDF}.Debug|Any CPU.Build.0 = Debug|Any CPU
		{741211FB-F77D-479C-8035-9408558D6DDF}.Release|Any CPU.ActiveCfg = Release|Any CPU
		{741211FB-F77D-479C-8035-9408558D6DDF}.Release|Any CPU.Build.0 = Release|Any CPU
	EndGlobalSection
EndGlobal
